
Microsoft Visual Studio Solution File, Format Version 12.00
# Visual Studio 15
VisualStudioVersion = 15.0.27703.2018
MinimumVisualStudioVersion = 10.0.40219.1
Project("{FAE04EC0-301F-11D3-BF4B-00C04F79EFBC}") = "ProyectoArduinoSensores", "ProyectoArduinoSensores\ProyectoArduinoSensores.csproj", "{F526EB15-8DBA-4344-ABB9-9A1C361A889C}"
EndProject
Global
	GlobalSection(SolutionConfigurationPlatforms) = preSolution
		Debug|Any CPU = Debug|Any CPU
		Release|Any CPU = Release|Any CPU
	EndGlobalSection
	GlobalSection(ProjectConfigurationPlatforms) = postSolution
		{F526EB15-8DBA-4344-ABB9-9A1C361A889C}.Debug|Any CPU.ActiveCfg = Debug|Any CPU
		{F526EB15-8DBA-4344-ABB9-9A1C361A889C}.Debug|Any CPU.Build.0 = Debug|Any CPU
		{F526EB15-8DBA-4344-ABB9-9A1C361A889C}.Release|Any CPU.ActiveCfg = Release|Any CPU
		{F526EB15-8DBA-4344-ABB9-9A1C361A889C}.Release|Any CPU.Build.0 = Release|Any CPU
	EndGlobalSection
	GlobalSection(SolutionProperties) = preSolution
		HideSolutionNode = FALSE
	EndGlobalSection
	GlobalSection(ExtensibilityGlobals) = postSolution
		SolutionGuid = {DAE90C57-7173-434C-8EF6-76D7BAC4F49F}
	EndGlobalSection
EndGlobal
